// !$*UTF8*$!
{
	archiveVersion = 1;
	classes = {
	};
	objectVersion = 55;
	objects = {

/* Begin PBXBuildFile section */
		3B3A38422892CFBF007E47BB /* AppDelegate.swift in Sources */ = {isa = PBXBuildFile; fileRef = 3B3A38412892CFBF007E47BB /* AppDelegate.swift */; };
		3B3A38442892CFBF007E47BB /* SceneDelegate.swift in Sources */ = {isa = PBXBuildFile; fileRef = 3B3A38432892CFBF007E47BB /* SceneDelegate.swift */; };
		3B3A38462892CFBF007E47BB /* ViewController.swift in Sources */ = {isa = PBXBuildFile; fileRef = 3B3A38452892CFBF007E47BB /* ViewController.swift */; };
		3B3A38492892CFBF007E47BB /* Main.storyboard in Resources */ = {isa = PBXBuildFile; fileRef = 3B3A38472892CFBF007E47BB /* Main.storyboard */; };
		3B3A384B2892CFBF007E47BB /* Assets.xcassets in Resources */ = {isa = PBXBuildFile; fileRef = 3B3A384A2892CFBF007E47BB /* Assets.xcassets */; };
		3B3A384E2892CFBF007E47BB /* LaunchScreen.storyboard in Resources */ = {isa = PBXBuildFile; fileRef = 3B3A384C2892CFBF007E47BB /* LaunchScreen.storyboard */; };
		F708A720AB29E5BB75B151EC /* Pods_Weather_Clone.framework in Frameworks */ = {isa = PBXBuildFile; fileRef = 5350435A9C9232DBEC45C4B9 /* Pods_Weather_Clone.framework */; };
/* End PBXBuildFile section */

/* Begin PBXFileReference section */
		3B3A383E2892CFBF007E47BB /* Weather-Clone.app */ = {isa = PBXFileReference; explicitFileType = wrapper.application; includeInIndex = 0; path = "Weather-Clone.app"; sourceTree = BUILT_PRODUCTS_DIR; };
		3B3A38412892CFBF007E47BB /* AppDelegate.swift */ = {isa = PBXFileReference; lastKnownFileType = sourcecode.swift; path = AppDelegate.swift; sourceTree = "<group>"; };
		3B3A38432892CFBF007E47BB /* SceneDelegate.swift */ = {isa = PBXFileReference; lastKnownFileType = sourcecode.swift; path = SceneDelegate.swift; sourceTree = "<group>"; };
		3B3A38452892CFBF007E47BB /* ViewController.swift */ = {isa = PBXFileReference; lastKnownFileType = sourcecode.swift; path = ViewController.swift; sourceTree = "<group>"; };
		3B3A38482892CFBF007E47BB /* Base */ = {isa = PBXFileReference; lastKnownFileType = file.storyboard; name = Base; path = Base.lproj/Main.storyboard; sourceTree = "<group>"; };
		3B3A384A2892CFBF007E47BB /* Assets.xcassets */ = {isa = PBXFileReference; lastKnownFileType = folder.assetcatalog; path = Assets.xcassets; sourceTree = "<group>"; };
		3B3A384D2892CFBF007E47BB /* Base */ = {isa = PBXFileReference; lastKnownFileType = file.storyboard; name = Base; path = Base.lproj/LaunchScreen.storyboard; sourceTree = "<group>"; };
		3B3A384F2892CFBF007E47BB /* Info.plist */ = {isa = PBXFileReference; lastKnownFileType = text.plist.xml; path = Info.plist; sourceTree = "<group>"; };
		4D4A366972AF08996F9F4A1A /* Pods-Weather-Clone.release.xcconfig */ = {isa = PBXFileReference; includeInIndex = 1; lastKnownFileType = text.xcconfig; name = "Pods-Weather-Clone.release.xcconfig"; path = "Target Support Files/Pods-Weather-Clone/Pods-Weather-Clone.release.xcconfig"; sourceTree = "<group>"; };
		5350435A9C9232DBEC45C4B9 /* Pods_Weather_Clone.framework */ = {isa = PBXFileReference; explicitFileType = wrapper.framework; includeInIndex = 0; path = Pods_Weather_Clone.framework; sourceTree = BUILT_PRODUCTS_DIR; };
		D943F43B89CB65300E65C022 /* Pods-Weather-Clone.debug.xcconfig */ = {isa = PBXFileReference; includeInIndex = 1; lastKnownFileType = text.xcconfig; name = "Pods-Weather-Clone.debug.xcconfig"; path = "Target Support Files/Pods-Weather-Clone/Pods-Weather-Clone.debug.xcconfig"; sourceTree = "<group>"; };
/* End PBXFileReference section */

/* Begin PBXFrameworksBuildPhase section */
		3B3A383B2892CFBF007E47BB /* Frameworks */ = {
			isa = PBXFrameworksBuildPhase;
			buildActionMask = 2147483647;
			files = (
				F708A720AB29E5BB75B151EC /* Pods_Weather_Clone.framework in Frameworks */,
			);
			runOnlyForDeploymentPostprocessing = 0;
		};
/* End PBXFrameworksBuildPhase section */

/* Begin PBXGroup section */
		06C5A6C94C62F8AF908BC31A /* Pods */ = {
			isa = PBXGroup;
			children = (
				D943F43B89CB65300E65C022 /* Pods-Weather-Clone.debug.xcconfig */,
				4D4A366972AF08996F9F4A1A /* Pods-Weather-Clone.release.xcconfig */,
			);
			path = Pods;
			sourceTree = "<group>";
		};
		3B3A38352892CFBF007E47BB = {
			isa = PBXGroup;
			children = (
				3B3A38402892CFBF007E47BB /* Weather-Clone */,
				3B3A383F2892CFBF007E47BB /* Products */,
				06C5A6C94C62F8AF908BC31A /* Pods */,
				C35AB59746B2003F8EE88EDC /* Frameworks */,
			);
			sourceTree = "<group>";
		};
		3B3A383F2892CFBF007E47BB /* Products */ = {
			isa = PBXGroup;
			children = (
				3B3A383E2892CFBF007E47BB /* Weather-Clone.app */,
			);
			name = Products;
			sourceTree = "<group>";
		};
		3B3A38402892CFBF007E47BB /* Weather-Clone */ = {
			isa = PBXGroup;
			children = (
				3B3A38562892E476007E47BB /* Global */,
				3B3A38552892E44B007E47BB /* Application */,
				3B3A38452892CFBF007E47BB /* ViewController.swift */,
				3B3A38472892CFBF007E47BB /* Main.storyboard */,
				3B3A384C2892CFBF007E47BB /* LaunchScreen.storyboard */,
				3B3A384F2892CFBF007E47BB /* Info.plist */,
			);
			path = "Weather-Clone";
			sourceTree = "<group>";
		};
		3B3A38552892E44B007E47BB /* Application */ = {
			isa = PBXGroup;
			children = (
				3B3A38412892CFBF007E47BB /* AppDelegate.swift */,
				3B3A38432892CFBF007E47BB /* SceneDelegate.swift */,
			);
			path = Application;
			sourceTree = "<group>";
		};
		3B3A38562892E476007E47BB /* Global */ = {
			isa = PBXGroup;
			children = (
				3B3A38572892E526007E47BB /* Resources */,
			);
			path = Global;
			sourceTree = "<group>";
		};
		3B3A38572892E526007E47BB /* Resources */ = {
			isa = PBXGroup;
			children = (
				3B3A384A2892CFBF007E47BB /* Assets.xcassets */,
			);
			path = Resources;
			sourceTree = "<group>";
		};
		C35AB59746B2003F8EE88EDC /* Frameworks */ = {
			isa = PBXGroup;
			children = (
				5350435A9C9232DBEC45C4B9 /* Pods_Weather_Clone.framework */,
			);
			name = Frameworks;
			sourceTree = "<group>";
		};
/* End PBXGroup section */

/* Begin PBXNativeTarget section */
		3B3A383D2892CFBF007E47BB /* Weather-Clone */ = {
			isa = PBXNativeTarget;
			buildConfigurationList = 3B3A38522892CFBF007E47BB /* Build configuration list for PBXNativeTarget "Weather-Clone" */;
			buildPhases = (
				A61E010BCCBD2C884CC993AA /* [CP] Check Pods Manifest.lock */,
				3B3A383A2892CFBF007E47BB /* Sources */,
				3B3A383B2892CFBF007E47BB /* Frameworks */,
				3B3A383C2892CFBF007E47BB /* Resources */,
				4FD8583DCF086667B1D710AA /* [CP] Embed Pods Frameworks */,
			);
			buildRules = (
			);
			dependencies = (
			);
			name = "Weather-Clone";
			productName = "Weather-Clone";
			productReference = 3B3A383E2892CFBF007E47BB /* Weather-Clone.app */;
			productType = "com.apple.product-type.application";
		};
/* End PBXNativeTarget section */

/* Begin PBXProject section */
		3B3A38362892CFBF007E47BB /* Project object */ = {
			isa = PBXProject;
			attributes = {
				BuildIndependentTargetsInParallel = 1;
				LastSwiftUpdateCheck = 1340;
				LastUpgradeCheck = 1340;
				TargetAttributes = {
					3B3A383D2892CFBF007E47BB = {
						CreatedOnToolsVersion = 13.4.1;
					};
				};
			};
			buildConfigurationList = 3B3A38392892CFBF007E47BB /* Build configuration list for PBXProject "Weather-Clone" */;
			compatibilityVersion = "Xcode 13.0";
			developmentRegion = en;
			hasScannedForEncodings = 0;
			knownRegions = (
				en,
				Base,
			);
			mainGroup = 3B3A38352892CFBF007E47BB;
			productRefGroup = 3B3A383F2892CFBF007E47BB /* Products */;
			projectDirPath = "";
			projectRoot = "";
			targets = (
				3B3A383D2892CFBF007E47BB /* Weather-Clone */,
			);
		};
/* End PBXProject section */

/* Begin PBXResourcesBuildPhase section */
		3B3A383C2892CFBF007E47BB /* Resources */ = {
			isa = PBXResourcesBuildPhase;
			buildActionMask = 2147483647;
			files = (
				3B3A384E2892CFBF007E47BB /* LaunchScreen.storyboard in Resources */,
				3B3A384B2892CFBF007E47BB /* Assets.xcassets in Resources */,
				3B3A38492892CFBF007E47BB /* Main.storyboard in Resources */,
			);
			runOnlyForDeploymentPostprocessing = 0;
		};
/* End PBXResourcesBuildPhase section */

/* Begin PBXShellScriptBuildPhase section */
		4FD8583DCF086667B1D710AA /* [CP] Embed Pods Frameworks */ = {
			isa = PBXShellScriptBuildPhase;
			buildActionMask = 2147483647;
			files = (
			);
			inputFileListPaths = (
				"${PODS_ROOT}/Target Support Files/Pods-Weather-Clone/Pods-Weather-Clone-frameworks-${CONFIGURATION}-input-files.xcfilelist",
			);
			name = "[CP] Embed Pods Frameworks";
			outputFileListPaths = (
				"${PODS_ROOT}/Target Support Files/Pods-Weather-Clone/Pods-Weather-Clone-frameworks-${CONFIGURATION}-output-files.xcfilelist",
			);
			runOnlyForDeploymentPostprocessing = 0;
			shellPath = /bin/sh;
			shellScript = "\"${PODS_ROOT}/Target Support Files/Pods-Weather-Clone/Pods-Weather-Clone-frameworks.sh\"\n";
			showEnvVarsInLog = 0;
		};
		A61E010BCCBD2C884CC993AA /* [CP] Check Pods Manifest.lock */ = {
			isa = PBXShellScriptBuildPhase;
			buildActionMask = 2147483647;
			files = (
			);
			inputFileListPaths = (
			);
			inputPaths = (
				"${PODS_PODFILE_DIR_PATH}/Podfile.lock",
				"${PODS_ROOT}/Manifest.lock",
			);
			name = "[CP] Check Pods Manifest.lock";
			outputFileListPaths = (
			);
			outputPaths = (
				"$(DERIVED_FILE_DIR)/Pods-Weather-Clone-checkManifestLockResult.txt",
			);
			runOnlyForDeploymentPostprocessing = 0;
			shellPath = /bin/sh;
			shellScript = "diff \"${PODS_PODFILE_DIR_PATH}/Podfile.lock\" \"${PODS_ROOT}/Manifest.lock\" > /dev/null\nif [ $? != 0 ] ; then\n    # print error to STDERR\n    echo \"error: The sandbox is not in sync with the Podfile.lock. Run 'pod install' or update your CocoaPods installation.\" >&2\n    exit 1\nfi\n# This output is used by Xcode 'outputs' to avoid re-running this script phase.\necho \"SUCCESS\" > \"${SCRIPT_OUTPUT_FILE_0}\"\n";
			showEnvVarsInLog = 0;
		};
/* End PBXShellScriptBuildPhase section */

/* Begin PBXSourcesBuildPhase section */
		3B3A383A2892CFBF007E47BB /* Sources */ = {
			isa = PBXSourcesBuildPhase;
			buildActionMask = 2147483647;
			files = (
				3B3A38462892CFBF007E47BB /* ViewController.swift in Sources */,
				3B3A38422892CFBF007E47BB /* AppDelegate.swift in Sources */,
				3B3A38442892CFBF007E47BB /* SceneDelegate.swift in Sources */,
			);
			runOnlyForDeploymentPostprocessing = 0;
		};
/* End PBXSourcesBuildPhase section */

/* Begin PBXVariantGroup section */
		3B3A38472892CFBF007E47BB /* Main.storyboard */ = {
			isa = PBXVariantGroup;
			children = (
				3B3A38482892CFBF007E47BB /* Base */,
			);
			name = Main.storyboard;
			sourceTree = "<group>";
		};
		3B3A384C2892CFBF007E47BB /* LaunchScreen.storyboard */ = {
			isa = PBXVariantGroup;
			children = (
				3B3A384D2892CFBF007E47BB /* Base */,
			);
			name = LaunchScreen.storyboard;
			sourceTree = "<group>";
		};
/* End PBXVariantGroup section */

/* Begin XCBuildConfiguration section */
		3B3A38502892CFBF007E47BB /* Debug */ = {
			isa = XCBuildConfiguration;
			buildSettings = {
				ALWAYS_SEARCH_USER_PATHS = NO;
				CLANG_ANALYZER_NONNULL = YES;
				CLANG_ANALYZER_NUMBER_OBJECT_CONVERSION = YES_AGGRESSIVE;
				CLANG_CXX_LANGUAGE_STANDARD = "gnu++17";
				CLANG_ENABLE_MODULES = YES;
				CLANG_ENABLE_OBJC_ARC = YES;
				CLANG_ENABLE_OBJC_WEAK = YES;
				CLANG_WARN_BLOCK_CAPTURE_AUTORELEASING = YES;
				CLANG_WARN_BOOL_CONVERSION = YES;
				CLANG_WARN_COMMA = YES;
				CLANG_WARN_CONSTANT_CONVERSION = YES;
				CLANG_WARN_DEPRECATED_OBJC_IMPLEMENTATIONS = YES;
				CLANG_WARN_DIRECT_OBJC_ISA_USAGE = YES_ERROR;
				CLANG_WARN_DOCUMENTATION_COMMENTS = YES;
				CLANG_WARN_EMPTY_BODY = YES;
				CLANG_WARN_ENUM_CONVERSION = YES;
				CLANG_WARN_INFINITE_RECURSION = YES;
				CLANG_WARN_INT_CONVERSION = YES;
				CLANG_WARN_NON_LITERAL_NULL_CONVERSION = YES;
				CLANG_WARN_OBJC_IMPLICIT_RETAIN_SELF = YES;
				CLANG_WARN_OBJC_LITERAL_CONVERSION = YES;
				CLANG_WARN_OBJC_ROOT_CLASS = YES_ERROR;
				CLANG_WARN_QUOTED_INCLUDE_IN_FRAMEWORK_HEADER = YES;
				CLANG_WARN_RANGE_LOOP_ANALYSIS = YES;
				CLANG_WARN_STRICT_PROTOTYPES = YES;
				CLANG_WARN_SUSPICIOUS_MOVE = YES;
				CLANG_WARN_UNGUARDED_AVAILABILITY = YES_AGGRESSIVE;
				CLANG_WARN_UNREACHABLE_CODE = YES;
				CLANG_WARN__DUPLICATE_METHOD_MATCH = YES;
				COPY_PHASE_STRIP = NO;
				DEBUG_INFORMATION_FORMAT = dwarf;
				ENABLE_STRICT_OBJC_MSGSEND = YES;
				ENABLE_TESTABILITY = YES;
				GCC_C_LANGUAGE_STANDARD = gnu11;
				GCC_DYNAMIC_NO_PIC = NO;
				GCC_NO_COMMON_BLOCKS = YES;
				GCC_OPTIMIZATION_LEVEL = 0;
				GCC_PREPROCESSOR_DEFINITIONS = (
					"DEBUG=1",
					"$(inherited)",
				);
				GCC_WARN_64_TO_32_BIT_CONVERSION = YES;
				GCC_WARN_ABOUT_RETURN_TYPE = YES_ERROR;
				GCC_WARN_UNDECLARED_SELECTOR = YES;
				GCC_WARN_UNINITIALIZED_AUTOS = YES_AGGRESSIVE;
				GCC_WARN_UNUSED_FUNCTION = YES;
				GCC_WARN_UNUSED_VARIABLE = YES;
				IPHONEOS_DEPLOYMENT_TARGET = 15.5;
				MTL_ENABLE_DEBUG_INFO = INCLUDE_SOURCE;
				MTL_FAST_MATH = YES;
				ONLY_ACTIVE_ARCH = YES;
				SDKROOT = iphoneos;
				SWIFT_ACTIVE_COMPILATION_CONDITIONS = DEBUG;
				SWIFT_OPTIMIZATION_LEVEL = "-Onone";
			};
			name = Debug;
		};
		3B3A38512892CFBF007E47BB /* Release */ = {
			isa = XCBuildConfiguration;
			buildSettings = {
				ALWAYS_SEARCH_USER_PATHS = NO;
				CLANG_ANALYZER_NONNULL = YES;
				CLANG_ANALYZER_NUMBER_OBJECT_CONVERSION = YES_AGGRESSIVE;
				CLANG_CXX_LANGUAGE_STANDARD = "gnu++17";
				CLANG_ENABLE_MODULES = YES;
				CLANG_ENABLE_OBJC_ARC = YES;
				CLANG_ENABLE_OBJC_WEAK = YES;
				CLANG_WARN_BLOCK_CAPTURE_AUTORELEASING = YES;
				CLANG_WARN_BOOL_CONVERSION = YES;
				CLANG_WARN_COMMA = YES;
				CLANG_WARN_CONSTANT_CONVERSION = YES;
				CLANG_WARN_DEPRECATED_OBJC_IMPLEMENTATIONS = YES;
				CLANG_WARN_DIRECT_OBJC_ISA_USAGE = YES_ERROR;
				CLANG_WARN_DOCUMENTATION_COMMENTS = YES;
				CLANG_WARN_EMPTY_BODY = YES;
				CLANG_WARN_ENUM_CONVERSION = YES;
				CLANG_WARN_INFINITE_RECURSION = YES;
				CLANG_WARN_INT_CONVERSION = YES;
				CLANG_WARN_NON_LITERAL_NULL_CONVERSION = YES;
				CLANG_WARN_OBJC_IMPLICIT_RETAIN_SELF = YES;
				CLANG_WARN_OBJC_LITERAL_CONVERSION = YES;
				CLANG_WARN_OBJC_ROOT_CLASS = YES_ERROR;
				CLANG_WARN_QUOTED_INCLUDE_IN_FRAMEWORK_HEADER = YES;
				CLANG_WARN_RANGE_LOOP_ANALYSIS = YES;
				CLANG_WARN_STRICT_PROTOTYPES = YES;
				CLANG_WARN_SUSPICIOUS_MOVE = YES;
				CLANG_WARN_UNGUARDED_AVAILABILITY = YES_AGGRESSIVE;
				CLANG_WARN_UNREACHABLE_CODE = YES;
				CLANG_WARN__DUPLICATE_METHOD_MATCH = YES;
				COPY_PHASE_STRIP = NO;
				DEBUG_INFORMATION_FORMAT = "dwarf-with-dsym";
				ENABLE_NS_ASSERTIONS = NO;
				ENABLE_STRICT_OBJC_MSGSEND = YES;
				GCC_C_LANGUAGE_STANDARD = gnu11;
				GCC_NO_COMMON_BLOCKS = YES;
				GCC_WARN_64_TO_32_BIT_CONVERSION = YES;
				GCC_WARN_ABOUT_RETURN_TYPE = YES_ERROR;
				GCC_WARN_UNDECLARED_SELECTOR = YES;
				GCC_WARN_UNINITIALIZED_AUTOS = YES_AGGRESSIVE;
				GCC_WARN_UNUSED_FUNCTION = YES;
				GCC_WARN_UNUSED_VARIABLE = YES;
				IPHONEOS_DEPLOYMENT_TARGET = 15.5;
				MTL_ENABLE_DEBUG_INFO = NO;
				MTL_FAST_MATH = YES;
				SDKROOT = iphoneos;
				SWIFT_COMPILATION_MODE = wholemodule;
				SWIFT_OPTIMIZATION_LEVEL = "-O";
				VALIDATE_PRODUCT = YES;
			};
			name = Release;
		};
		3B3A38532892CFBF007E47BB /* Debug */ = {
			isa = XCBuildConfiguration;
			baseConfigurationReference = D943F43B89CB65300E65C022 /* Pods-Weather-Clone.debug.xcconfig */;
			buildSettings = {
				ASSETCATALOG_COMPILER_APPICON_NAME = AppIcon;
				ASSETCATALOG_COMPILER_GLOBAL_ACCENT_COLOR_NAME = AccentColor;
				CODE_SIGN_STYLE = Automatic;
				CURRENT_PROJECT_VERSION = 1;
				DEVELOPMENT_TEAM = 665TA4D5B9;
				GENERATE_INFOPLIST_FILE = YES;
				INFOPLIST_FILE = "Weather-Clone/Info.plist";
				INFOPLIST_KEY_UIApplicationSupportsIndirectInputEvents = YES;
				INFOPLIST_KEY_UILaunchStoryboardName = LaunchScreen;
				INFOPLIST_KEY_UIMainStoryboardFile = Main;
				INFOPLIST_KEY_UISupportedInterfaceOrientations_iPad = "UIInterfaceOrientationPortrait UIInterfaceOrientationPortraitUpsideDown UIInterfaceOrientationLandscapeLeft UIInterfaceOrientationLandscapeRight";
				INFOPLIST_KEY_UISupportedInterfaceOrientations_iPhone = "UIInterfaceOrientationPortrait UIInterfaceOrientationLandscapeLeft UIInterfaceOrientationLandscapeRight";
				LD_RUNPATH_SEARCH_PATHS = (
					"$(inherited)",
					"@executable_path/Frameworks",
				);
				MARKETING_VERSION = 1.0;
				PRODUCT_BUNDLE_IDENTIFIER = "org.sopt.Weather-Clone";
				PRODUCT_NAME = "$(TARGET_NAME)";
				SWIFT_EMIT_LOC_STRINGS = YES;
				SWIFT_VERSION = 5.0;
				TARGETED_DEVICE_FAMILY = "1,2";
			};
			name = Debug;
		};
		3B3A38542892CFBF007E47BB /* Release */ = {
			isa = XCBuildConfiguration;
			baseConfigurationReference = 4D4A366972AF08996F9F4A1A /* Pods-Weather-Clone.release.xcconfig */;
			buildSettings = {
				ASSETCATALOG_COMPILER_APPICON_NAME = AppIcon;
				ASSETCATALOG_COMPILER_GLOBAL_ACCENT_COLOR_NAME = AccentColor;
				CODE_SIGN_STYLE = Automatic;
				CURRENT_PROJECT_VERSION = 1;
				DEVELOPMENT_TEAM = 665TA4D5B9;
				GENERATE_INFOPLIST_FILE = YES;
				INFOPLIST_FILE = "Weather-Clone/Info.plist";
				INFOPLIST_KEY_UIApplicationSupportsIndirectInputEvents = YES;
				INFOPLIST_KEY_UILaunchStoryboardName = LaunchScreen;
				INFOPLIST_KEY_UIMainStoryboardFile = Main;
				INFOPLIST_KEY_UISupportedInterfaceOrientations_iPad = "UIInterfaceOrientationPortrait UIInterfaceOrientationPortraitUpsideDown UIInterfaceOrientationLandscapeLeft UIInterfaceOrientationLandscapeRight";
				INFOPLIST_KEY_UISupportedInterfaceOrientations_iPhone = "UIInterfaceOrientationPortrait UIInterfaceOrientationLandscapeLeft UIInterfaceOrientationLandscapeRight";
				LD_RUNPATH_SEARCH_PATHS = (
					"$(inherited)",
					"@executable_path/Frameworks",
				);
				MARKETING_VERSION = 1.0;
				PRODUCT_BUNDLE_IDENTIFIER = "org.sopt.Weather-Clone";
				PRODUCT_NAME = "$(TARGET_NAME)";
				SWIFT_EMIT_LOC_STRINGS = YES;
				SWIFT_VERSION = 5.0;
				TARGETED_DEVICE_FAMILY = "1,2";
			};
			name = Release;
		};
/* End XCBuildConfiguration section */

/* Begin XCConfigurationList section */
		3B3A38392892CFBF007E47BB /* Build configuration list for PBXProject "Weather-Clone" */ = {
			isa = XCConfigurationList;
			buildConfigurations = (
				3B3A38502892CFBF007E47BB /* Debug */,
				3B3A38512892CFBF007E47BB /* Release */,
			);
			defaultConfigurationIsVisible = 0;
			defaultConfigurationName = Release;
		};
		3B3A38522892CFBF007E47BB /* Build configuration list for PBXNativeTarget "Weather-Clone" */ = {
			isa = XCConfigurationList;
			buildConfigurations = (
				3B3A38532892CFBF007E47BB /* Debug */,
				3B3A38542892CFBF007E47BB /* Release */,
			);
			defaultConfigurationIsVisible = 0;
			defaultConfigurationName = Release;
		};
/* End XCConfigurationList section */
	};
	rootObject = 3B3A38362892CFBF007E47BB /* Project object */;
}
